
Microsoft Visual Studio Solution File, Format Version 12.00
# Visual Studio Version 17
VisualStudioVersion = 17.7.34031.279
MinimumVisualStudioVersion = 10.0.40219.1
Project("{FAE04EC0-301F-11D3-BF4B-00C04F79EFBC}") = "DataStructures", "DataStructures\DataStructures.csproj", "{F5038A2A-0D67-4F48-AE69-D1498EFEAA7C}"
EndProject
Global
	GlobalSection(SolutionConfigurationPlatforms) = preSolution
		Debug|Any CPU = Debug|Any CPU
		Release|Any CPU = Release|Any CPU
	EndGlobalSection
	GlobalSection(ProjectConfigurationPlatforms) = postSolution
		{F5038A2A-0D67-4F48-AE69-D1498EFEAA7C}.Debug|Any CPU.ActiveCfg = Debug|Any CPU
		{F5038A2A-0D67-4F48-AE69-D1498EFEAA7C}.Debug|Any CPU.Build.0 = Debug|Any CPU
		{F5038A2A-0D67-4F48-AE69-D1498EFEAA7C}.Release|Any CPU.ActiveCfg = Release|Any CPU
		{F5038A2A-0D67-4F48-AE69-D1498EFEAA7C}.Release|Any CPU.Build.0 = Release|Any CPU
	EndGlobalSection
	GlobalSection(SolutionProperties) = preSolution
		HideSolutionNode = FALSE
	EndGlobalSection
	GlobalSection(ExtensibilityGlobals) = postSolution
		SolutionGuid = {E092D3E0-9CA5-425E-AA23-5469396481BD}
	EndGlobalSection
EndGlobal
